
Microsoft Visual Studio Solution File, Format Version 12.00
# Visual Studio 15
VisualStudioVersion = 15.0.28010.2019
MinimumVisualStudioVersion = 10.0.40219.1
Project("{FAE04EC0-301F-11D3-BF4B-00C04F79EFBC}") = "GameIn15", "GameIn15\GameIn15.csproj", "{34A4B492-4B44-484E-9152-0679BDD9912C}"
EndProject
Global
	GlobalSection(SolutionConfigurationPlatforms) = preSolution
		Debug|Any CPU = Debug|Any CPU
		Release|Any CPU = Release|Any CPU
	EndGlobalSection
	GlobalSection(ProjectConfigurationPlatforms) = postSolution
		{34A4B492-4B44-484E-9152-0679BDD9912C}.Debug|Any CPU.ActiveCfg = Debug|Any CPU
		{34A4B492-4B44-484E-9152-0679BDD9912C}.Debug|Any CPU.Build.0 = Debug|Any CPU
		{34A4B492-4B44-484E-9152-0679BDD9912C}.Release|Any CPU.ActiveCfg = Release|Any CPU
		{34A4B492-4B44-484E-9152-0679BDD9912C}.Release|Any CPU.Build.0 = Release|Any CPU
	EndGlobalSection
	GlobalSection(SolutionProperties) = preSolution
		HideSolutionNode = FALSE
	EndGlobalSection
	GlobalSection(ExtensibilityGlobals) = postSolution
		SolutionGuid = {42CD7752-6060-4928-AFA0-C1EE1AD9845C}
	EndGlobalSection
EndGlobal
